
Microsoft Visual Studio Solution File, Format Version 12.00
# Visual Studio Version 17
VisualStudioVersion = 17.9.34728.123
MinimumVisualStudioVersion = 10.0.40219.1
Project("{FAE04EC0-301F-11D3-BF4B-00C04F79EFBC}") = "Ex01_02", "Ex01_02\Ex01_02.csproj", "{F133390E-5298-4D1B-A77D-F9F17A05A27D}"
EndProject
Project("{FAE04EC0-301F-11D3-BF4B-00C04F79EFBC}") = "Ex01_03", "Ex01_03\Ex01_03.csproj", "{26CABD9C-1123-4EA1-80BF-50CFB0E07A44}"
EndProject
Project("{FAE04EC0-301F-11D3-BF4B-00C04F79EFBC}") = "Ex01_01", "Ex01_01\Ex01_01.csproj", "{09F620F0-E847-4995-A9BB-3B9CA6698849}"
EndProject
Project("{FAE04EC0-301F-11D3-BF4B-00C04F79EFBC}") = "Ex01_04", "Ex01_04\Ex01_04.csproj", "{48784CEB-63C8-45EB-BC4A-296493CD5043}"
EndProject
Project("{FAE04EC0-301F-11D3-BF4B-00C04F79EFBC}") = "Ex01_05", "Ex01_05\Ex01_05.csproj", "{CC424062-D464-44D9-BC13-ACDF89276341}"
EndProject
Global
	GlobalSection(SolutionConfigurationPlatforms) = preSolution
		Debug|Any CPU = Debug|Any CPU
		Release|Any CPU = Release|Any CPU
	EndGlobalSection
	GlobalSection(ProjectConfigurationPlatforms) = postSolution
		{F133390E-5298-4D1B-A77D-F9F17A05A27D}.Debug|Any CPU.ActiveCfg = Debug|Any CPU
		{F133390E-5298-4D1B-A77D-F9F17A05A27D}.Debug|Any CPU.Build.0 = Debug|Any CPU
		{F133390E-5298-4D1B-A77D-F9F17A05A27D}.Release|Any CPU.ActiveCfg = Release|Any CPU
		{F133390E-5298-4D1B-A77D-F9F17A05A27D}.Release|Any CPU.Build.0 = Release|Any CPU
		{26CABD9C-1123-4EA1-80BF-50CFB0E07A44}.Debug|Any CPU.ActiveCfg = Debug|Any CPU
		{26CABD9C-1123-4EA1-80BF-50CFB0E07A44}.Debug|Any CPU.Build.0 = Debug|Any CPU
		{26CABD9C-1123-4EA1-80BF-50CFB0E07A44}.Release|Any CPU.ActiveCfg = Release|Any CPU
		{26CABD9C-1123-4EA1-80BF-50CFB0E07A44}.Release|Any CPU.Build.0 = Release|Any CPU
		{09F620F0-E847-4995-A9BB-3B9CA6698849}.Debug|Any CPU.ActiveCfg = Debug|Any CPU
		{09F620F0-E847-4995-A9BB-3B9CA6698849}.Debug|Any CPU.Build.0 = Debug|Any CPU
		{09F620F0-E847-4995-A9BB-3B9CA6698849}.Release|Any CPU.ActiveCfg = Release|Any CPU
		{09F620F0-E847-4995-A9BB-3B9CA6698849}.Release|Any CPU.Build.0 = Release|Any CPU
		{48784CEB-63C8-45EB-BC4A-296493CD5043}.Debug|Any CPU.ActiveCfg = Debug|Any CPU
		{48784CEB-63C8-45EB-BC4A-296493CD5043}.Debug|Any CPU.Build.0 = Debug|Any CPU
		{48784CEB-63C8-45EB-BC4A-296493CD5043}.Release|Any CPU.ActiveCfg = Release|Any CPU
		{48784CEB-63C8-45EB-BC4A-296493CD5043}.Release|Any CPU.Build.0 = Release|Any CPU
		{CC424062-D464-44D9-BC13-ACDF89276341}.Debug|Any CPU.ActiveCfg = Debug|Any CPU
		{CC424062-D464-44D9-BC13-ACDF89276341}.Debug|Any CPU.Build.0 = Debug|Any CPU
		{CC424062-D464-44D9-BC13-ACDF89276341}.Release|Any CPU.ActiveCfg = Release|Any CPU
		{CC424062-D464-44D9-BC13-ACDF89276341}.Release|Any CPU.Build.0 = Release|Any CPU
	EndGlobalSection
	GlobalSection(SolutionProperties) = preSolution
		HideSolutionNode = FALSE
	EndGlobalSection
	GlobalSection(ExtensibilityGlobals) = postSolution
		SolutionGuid = {4C706F1C-6297-4333-8E23-20451F40AD6D}
	EndGlobalSection
EndGlobal
